// !$*UTF8*$!
{
	archiveVersion = 1;
	classes = {
	};
	objectVersion = 48;
	objects = {

/* Begin PBXBuildFile section */
		5E256F7A202FE36400026543 /* Assets.xcassets in Resources */ = {isa = PBXBuildFile; fileRef = 5E256F78202FE36400026543 /* Assets.xcassets */; };
		873474A2202E3A900058A42E /* AppDelegate.swift in Sources */ = {isa = PBXBuildFile; fileRef = 873474A1202E3A900058A42E /* AppDelegate.swift */; };
		873474A4202E3A900058A42E /* GameScene.sks in Resources */ = {isa = PBXBuildFile; fileRef = 873474A3202E3A900058A42E /* GameScene.sks */; };
		873474A6202E3A900058A42E /* Actions.sks in Resources */ = {isa = PBXBuildFile; fileRef = 873474A5202E3A900058A42E /* Actions.sks */; };
		873474A8202E3A900058A42E /* GameScene.swift in Sources */ = {isa = PBXBuildFile; fileRef = 873474A7202E3A900058A42E /* GameScene.swift */; };
		873474AA202E3A900058A42E /* GameViewController.swift in Sources */ = {isa = PBXBuildFile; fileRef = 873474A9202E3A900058A42E /* GameViewController.swift */; };
		873474AD202E3A900058A42E /* Main.storyboard in Resources */ = {isa = PBXBuildFile; fileRef = 873474AB202E3A900058A42E /* Main.storyboard */; };
		873474AF202E3A900058A42E /* Assets.xcassets in Resources */ = {isa = PBXBuildFile; fileRef = 873474AE202E3A900058A42E /* Assets.xcassets */; };
		873474B2202E3A900058A42E /* LaunchScreen.storyboard in Resources */ = {isa = PBXBuildFile; fileRef = 873474B0202E3A900058A42E /* LaunchScreen.storyboard */; };
		873474BD202E3A910058A42E /* SpaceShooterTests.swift in Sources */ = {isa = PBXBuildFile; fileRef = 873474BC202E3A910058A42E /* SpaceShooterTests.swift */; };
		873474C8202E3A910058A42E /* SpaceShooterUITests.swift in Sources */ = {isa = PBXBuildFile; fileRef = 873474C7202E3A910058A42E /* SpaceShooterUITests.swift */; };
		873474D6202E5C1E0058A42E /* explosion.sks in Resources */ = {isa = PBXBuildFile; fileRef = 873474D5202E5C1E0058A42E /* explosion.sks */; };
		873474D8202E63B70058A42E /* TitleScene.swift in Sources */ = {isa = PBXBuildFile; fileRef = 873474D7202E63B70058A42E /* TitleScene.swift */; };
		873474DA202E63D30058A42E /* TitleScene.sks in Resources */ = {isa = PBXBuildFile; fileRef = 873474D9202E63D30058A42E /* TitleScene.sks */; };
		873474DC202E7D6F0058A42E /* magic.sks in Resources */ = {isa = PBXBuildFile; fileRef = 873474DB202E7D6F0058A42E /* magic.sks */; };
		873474DE202E7D830058A42E /* bokeh.sks in Resources */ = {isa = PBXBuildFile; fileRef = 873474DD202E7D830058A42E /* bokeh.sks */; };
		873474E0202E7D970058A42E /* fireflies.sks in Resources */ = {isa = PBXBuildFile; fileRef = 873474DF202E7D970058A42E /* fireflies.sks */; };
		873474E2202E7DA30058A42E /* fire.sks in Resources */ = {isa = PBXBuildFile; fileRef = 873474E1202E7DA30058A42E /* fire.sks */; };
/* End PBXBuildFile section */

/* Begin PBXContainerItemProxy section */
		873474B9202E3A910058A42E /* PBXContainerItemProxy */ = {
			isa = PBXContainerItemProxy;
			containerPortal = 87347496202E3A900058A42E /* Project object */;
			proxyType = 1;
			remoteGlobalIDString = 8734749D202E3A900058A42E;
			remoteInfo = SpaceShooter;
		};
		873474C4202E3A910058A42E /* PBXContainerItemProxy */ = {
			isa = PBXContainerItemProxy;
			containerPortal = 87347496202E3A900058A42E /* Project object */;
			proxyType = 1;
			remoteGlobalIDString = 8734749D202E3A900058A42E;
			remoteInfo = SpaceShooter;
		};
/* End PBXContainerItemProxy section */

/* Begin PBXFileReference section */
		5E256F78202FE36400026543 /* Assets.xcassets */ = {isa = PBXFileReference; lastKnownFileType = folder.assetcatalog; path = Assets.xcassets; sourceTree = "<group>"; };
		8734749E202E3A900058A42E /* SpaceShooter.app */ = {isa = PBXFileReference; explicitFileType = wrapper.application; includeInIndex = 0; path = SpaceShooter.app; sourceTree = BUILT_PRODUCTS_DIR; };
		873474A1202E3A900058A42E /* AppDelegate.swift */ = {isa = PBXFileReference; lastKnownFileType = sourcecode.swift; path = AppDelegate.swift; sourceTree = "<group>"; };
		873474A3202E3A900058A42E /* GameScene.sks */ = {isa = PBXFileReference; lastKnownFileType = file.sks; path = GameScene.sks; sourceTree = "<group>"; };
		873474A5202E3A900058A42E /* Actions.sks */ = {isa = PBXFileReference; lastKnownFileType = file.sks; path = Actions.sks; sourceTree = "<group>"; };
		873474A7202E3A900058A42E /* GameScene.swift */ = {isa = PBXFileReference; lastKnownFileType = sourcecode.swift; path = GameScene.swift; sourceTree = "<group>"; };
		873474A9202E3A900058A42E /* GameViewController.swift */ = {isa = PBXFileReference; lastKnownFileType = sourcecode.swift; path = GameViewController.swift; sourceTree = "<group>"; };
		873474AC202E3A900058A42E /* Base */ = {isa = PBXFileReference; lastKnownFileType = file.storyboard; name = Base; path = Base.lproj/Main.storyboard; sourceTree = "<group>"; };
		873474AE202E3A900058A42E /* Assets.xcassets */ = {isa = PBXFileReference; lastKnownFileType = folder.assetcatalog; path = Assets.xcassets; sourceTree = "<group>"; };
		873474B1202E3A900058A42E /* Base */ = {isa = PBXFileReference; lastKnownFileType = file.storyboard; name = Base; path = Base.lproj/LaunchScreen.storyboard; sourceTree = "<group>"; };
		873474B3202E3A900058A42E /* Info.plist */ = {isa = PBXFileReference; lastKnownFileType = text.plist.xml; path = Info.plist; sourceTree = "<group>"; };
		873474B8202E3A910058A42E /* SpaceShooterTests.xctest */ = {isa = PBXFileReference; explicitFileType = wrapper.cfbundle; includeInIndex = 0; path = SpaceShooterTests.xctest; sourceTree = BUILT_PRODUCTS_DIR; };
		873474BC202E3A910058A42E /* SpaceShooterTests.swift */ = {isa = PBXFileReference; lastKnownFileType = sourcecode.swift; path = SpaceShooterTests.swift; sourceTree = "<group>"; };
		873474BE202E3A910058A42E /* Info.plist */ = {isa = PBXFileReference; lastKnownFileType = text.plist.xml; path = Info.plist; sourceTree = "<group>"; };
		873474C3202E3A910058A42E /* SpaceShooterUITests.xctest */ = {isa = PBXFileReference; explicitFileType = wrapper.cfbundle; includeInIndex = 0; path = SpaceShooterUITests.xctest; sourceTree = BUILT_PRODUCTS_DIR; };
		873474C7202E3A910058A42E /* SpaceShooterUITests.swift */ = {isa = PBXFileReference; lastKnownFileType = sourcecode.swift; path = SpaceShooterUITests.swift; sourceTree = "<group>"; };
		873474C9202E3A910058A42E /* Info.plist */ = {isa = PBXFileReference; lastKnownFileType = text.plist.xml; path = Info.plist; sourceTree = "<group>"; };
		873474D5202E5C1E0058A42E /* explosion.sks */ = {isa = PBXFileReference; lastKnownFileType = file.sks; path = explosion.sks; sourceTree = "<group>"; };
		873474D7202E63B70058A42E /* TitleScene.swift */ = {isa = PBXFileReference; lastKnownFileType = sourcecode.swift; path = TitleScene.swift; sourceTree = "<group>"; };
		873474D9202E63D30058A42E /* TitleScene.sks */ = {isa = PBXFileReference; lastKnownFileType = file.sks; path = TitleScene.sks; sourceTree = "<group>"; };
		873474DB202E7D6F0058A42E /* magic.sks */ = {isa = PBXFileReference; lastKnownFileType = file.sks; path = magic.sks; sourceTree = "<group>"; };
		873474DD202E7D830058A42E /* bokeh.sks */ = {isa = PBXFileReference; lastKnownFileType = file.sks; path = bokeh.sks; sourceTree = "<group>"; };
		873474DF202E7D970058A42E /* fireflies.sks */ = {isa = PBXFileReference; lastKnownFileType = file.sks; path = fireflies.sks; sourceTree = "<group>"; };
		873474E1202E7DA30058A42E /* fire.sks */ = {isa = PBXFileReference; lastKnownFileType = file.sks; path = fire.sks; sourceTree = "<group>"; };
/* End PBXFileReference section */

/* Begin PBXFrameworksBuildPhase section */
		8734749B202E3A900058A42E /* Frameworks */ = {
			isa = PBXFrameworksBuildPhase;
			buildActionMask = 2147483647;
			files = (
			);
			runOnlyForDeploymentPostprocessing = 0;
		};
		873474B5202E3A910058A42E /* Frameworks */ = {
			isa = PBXFrameworksBuildPhase;
			buildActionMask = 2147483647;
			files = (
			);
			runOnlyForDeploymentPostprocessing = 0;
		};
		873474C0202E3A910058A42E /* Frameworks */ = {
			isa = PBXFrameworksBuildPhase;
			buildActionMask = 2147483647;
			files = (
			);
			runOnlyForDeploymentPostprocessing = 0;
		};
/* End PBXFrameworksBuildPhase section */

/* Begin PBXGroup section */
		87347495202E3A900058A42E = {
			isa = PBXGroup;
			children = (
				5E256F78202FE36400026543 /* Assets.xcassets */,
				873474A0202E3A900058A42E /* SpaceShooter */,
				873474BB202E3A910058A42E /* SpaceShooterTests */,
				873474C6202E3A910058A42E /* SpaceShooterUITests */,
				8734749F202E3A900058A42E /* Products */,
			);
			sourceTree = "<group>";
		};
		8734749F202E3A900058A42E /* Products */ = {
			isa = PBXGroup;
			children = (
				8734749E202E3A900058A42E /* SpaceShooter.app */,
				873474B8202E3A910058A42E /* SpaceShooterTests.xctest */,
				873474C3202E3A910058A42E /* SpaceShooterUITests.xctest */,
			);
			name = Products;
			sourceTree = "<group>";
		};
		873474A0202E3A900058A42E /* SpaceShooter */ = {
			isa = PBXGroup;
			children = (
				873474A1202E3A900058A42E /* AppDelegate.swift */,
				873474A3202E3A900058A42E /* GameScene.sks */,
				873474A5202E3A900058A42E /* Actions.sks */,
				873474A7202E3A900058A42E /* GameScene.swift */,
				873474A9202E3A900058A42E /* GameViewController.swift */,
				873474AB202E3A900058A42E /* Main.storyboard */,
				873474AE202E3A900058A42E /* Assets.xcassets */,
				873474B0202E3A900058A42E /* LaunchScreen.storyboard */,
				873474B3202E3A900058A42E /* Info.plist */,
				873474D5202E5C1E0058A42E /* explosion.sks */,
				873474DB202E7D6F0058A42E /* magic.sks */,
				873474DD202E7D830058A42E /* bokeh.sks */,
				873474DF202E7D970058A42E /* fireflies.sks */,
				873474E1202E7DA30058A42E /* fire.sks */,
				873474D7202E63B70058A42E /* TitleScene.swift */,
				873474D9202E63D30058A42E /* TitleScene.sks */,
			);
			path = SpaceShooter;
			sourceTree = "<group>";
		};
		873474BB202E3A910058A42E /* SpaceShooterTests */ = {
			isa = PBXGroup;
			children = (
				873474BC202E3A910058A42E /* SpaceShooterTests.swift */,
				873474BE202E3A910058A42E /* Info.plist */,
			);
			path = SpaceShooterTests;
			sourceTree = "<group>";
		};
		873474C6202E3A910058A42E /* SpaceShooterUITests */ = {
			isa = PBXGroup;
			children = (
				873474C7202E3A910058A42E /* SpaceShooterUITests.swift */,
				873474C9202E3A910058A42E /* Info.plist */,
			);
			path = SpaceShooterUITests;
			sourceTree = "<group>";
		};
/* End PBXGroup section */

/* Begin PBXNativeTarget section */
		8734749D202E3A900058A42E /* SpaceShooter */ = {
			isa = PBXNativeTarget;
			buildConfigurationList = 873474CC202E3A910058A42E /* Build configuration list for PBXNativeTarget "SpaceShooter" */;
			buildPhases = (
				8734749A202E3A900058A42E /* Sources */,
				8734749B202E3A900058A42E /* Frameworks */,
				8734749C202E3A900058A42E /* Resources */,
			);
			buildRules = (
			);
			dependencies = (
			);
			name = SpaceShooter;
			productName = SpaceShooter;
			productReference = 8734749E202E3A900058A42E /* SpaceShooter.app */;
			productType = "com.apple.product-type.application";
		};
		873474B7202E3A910058A42E /* SpaceShooterTests */ = {
			isa = PBXNativeTarget;
			buildConfigurationList = 873474CF202E3A910058A42E /* Build configuration list for PBXNativeTarget "SpaceShooterTests" */;
			buildPhases = (
				873474B4202E3A910058A42E /* Sources */,
				873474B5202E3A910058A42E /* Frameworks */,
				873474B6202E3A910058A42E /* Resources */,
			);
			buildRules = (
			);
			dependencies = (
				873474BA202E3A910058A42E /* PBXTargetDependency */,
			);
			name = SpaceShooterTests;
			productName = SpaceShooterTests;
			productReference = 873474B8202E3A910058A42E /* SpaceShooterTests.xctest */;
			productType = "com.apple.product-type.bundle.unit-test";
		};
		873474C2202E3A910058A42E /* SpaceShooterUITests */ = {
			isa = PBXNativeTarget;
			buildConfigurationList = 873474D2202E3A910058A42E /* Build configuration list for PBXNativeTarget "SpaceShooterUITests" */;
			buildPhases = (
				873474BF202E3A910058A42E /* Sources */,
				873474C0202E3A910058A42E /* Frameworks */,
				873474C1202E3A910058A42E /* Resources */,
			);
			buildRules = (
			);
			dependencies = (
				873474C5202E3A910058A42E /* PBXTargetDependency */,
			);
			name = SpaceShooterUITests;
			productName = SpaceShooterUITests;
			productReference = 873474C3202E3A910058A42E /* SpaceShooterUITests.xctest */;
			productType = "com.apple.product-type.bundle.ui-testing";
		};
/* End PBXNativeTarget section */

/* Begin PBXProject section */
		87347496202E3A900058A42E /* Project object */ = {
			isa = PBXProject;
			attributes = {
				LastSwiftUpdateCheck = 0920;
				LastUpgradeCheck = 0920;
				ORGANIZATIONNAME = lyftgame;
				TargetAttributes = {
					8734749D202E3A900058A42E = {
						CreatedOnToolsVersion = 9.2;
						ProvisioningStyle = Automatic;
					};
					873474B7202E3A910058A42E = {
						CreatedOnToolsVersion = 9.2;
						ProvisioningStyle = Automatic;
						TestTargetID = 8734749D202E3A900058A42E;
					};
					873474C2202E3A910058A42E = {
						CreatedOnToolsVersion = 9.2;
						ProvisioningStyle = Automatic;
						TestTargetID = 8734749D202E3A900058A42E;
					};
				};
			};
			buildConfigurationList = 87347499202E3A900058A42E /* Build configuration list for PBXProject "SpaceShooter" */;
			compatibilityVersion = "Xcode 8.0";
			developmentRegion = en;
			hasScannedForEncodings = 0;
			knownRegions = (
				en,
				Base,
			);
			mainGroup = 87347495202E3A900058A42E;
			productRefGroup = 8734749F202E3A900058A42E /* Products */;
			projectDirPath = "";
			projectRoot = "";
			targets = (
				8734749D202E3A900058A42E /* SpaceShooter */,
				873474B7202E3A910058A42E /* SpaceShooterTests */,
				873474C2202E3A910058A42E /* SpaceShooterUITests */,
			);
		};
/* End PBXProject section */

/* Begin PBXResourcesBuildPhase section */
		8734749C202E3A900058A42E /* Resources */ = {
			isa = PBXResourcesBuildPhase;
			buildActionMask = 2147483647;
			files = (
				873474AD202E3A900058A42E /* Main.storyboard in Resources */,
				873474E0202E7D970058A42E /* fireflies.sks in Resources */,
				873474DC202E7D6F0058A42E /* magic.sks in Resources */,
				873474DE202E7D830058A42E /* bokeh.sks in Resources */,
				873474A4202E3A900058A42E /* GameScene.sks in Resources */,
				5E256F7A202FE36400026543 /* Assets.xcassets in Resources */,
				873474AF202E3A900058A42E /* Assets.xcassets in Resources */,
				873474D6202E5C1E0058A42E /* explosion.sks in Resources */,
				873474B2202E3A900058A42E /* LaunchScreen.storyboard in Resources */,
				873474A6202E3A900058A42E /* Actions.sks in Resources */,
				873474E2202E7DA30058A42E /* fire.sks in Resources */,
				873474DA202E63D30058A42E /* TitleScene.sks in Resources */,
			);
			runOnlyForDeploymentPostprocessing = 0;
		};
		873474B6202E3A910058A42E /* Resources */ = {
			isa = PBXResourcesBuildPhase;
			buildActionMask = 2147483647;
			files = (
			);
			runOnlyForDeploymentPostprocessing = 0;
		};
		873474C1202E3A910058A42E /* Resources */ = {
			isa = PBXResourcesBuildPhase;
			buildActionMask = 2147483647;
			files = (
			);
			runOnlyForDeploymentPostprocessing = 0;
		};
/* End PBXResourcesBuildPhase section */

/* Begin PBXSourcesBuildPhase section */
		8734749A202E3A900058A42E /* Sources */ = {
			isa = PBXSourcesBuildPhase;
			buildActionMask = 2147483647;
			files = (
				873474A8202E3A900058A42E /* GameScene.swift in Sources */,
				873474AA202E3A900058A42E /* GameViewController.swift in Sources */,
				873474D8202E63B70058A42E /* TitleScene.swift in Sources */,
				873474A2202E3A900058A42E /* AppDelegate.swift in Sources */,
			);
			runOnlyForDeploymentPostprocessing = 0;
		};
		873474B4202E3A910058A42E /* Sources */ = {
			isa = PBXSourcesBuildPhase;
			buildActionMask = 2147483647;
			files = (
				873474BD202E3A910058A42E /* SpaceShooterTests.swift in Sources */,
			);
			runOnlyForDeploymentPostprocessing = 0;
		};
		873474BF202E3A910058A42E /* Sources */ = {
			isa = PBXSourcesBuildPhase;
			buildActionMask = 2147483647;
			files = (
				873474C8202E3A910058A42E /* SpaceShooterUITests.swift in Sources */,
			);
			runOnlyForDeploymentPostprocessing = 0;
		};
/* End PBXSourcesBuildPhase section */

/* Begin PBXTargetDependency section */
		873474BA202E3A910058A42E /* PBXTargetDependency */ = {
			isa = PBXTargetDependency;
			target = 8734749D202E3A900058A42E /* SpaceShooter */;
			targetProxy = 873474B9202E3A910058A42E /* PBXContainerItemProxy */;
		};
		873474C5202E3A910058A42E /* PBXTargetDependency */ = {
			isa = PBXTargetDependency;
			target = 8734749D202E3A900058A42E /* SpaceShooter */;
			targetProxy = 873474C4202E3A910058A42E /* PBXContainerItemProxy */;
		};
/* End PBXTargetDependency section */

/* Begin PBXVariantGroup section */
		873474AB202E3A900058A42E /* Main.storyboard */ = {
			isa = PBXVariantGroup;
			children = (
				873474AC202E3A900058A42E /* Base */,
			);
			name = Main.storyboard;
			sourceTree = "<group>";
		};
		873474B0202E3A900058A42E /* LaunchScreen.storyboard */ = {
			isa = PBXVariantGroup;
			children = (
				873474B1202E3A900058A42E /* Base */,
			);
			name = LaunchScreen.storyboard;
			sourceTree = "<group>";
		};
/* End PBXVariantGroup section */

/* Begin XCBuildConfiguration section */
		873474CA202E3A910058A42E /* Debug */ = {
			isa = XCBuildConfiguration;
			buildSettings = {
				ALWAYS_SEARCH_USER_PATHS = NO;
				CLANG_ANALYZER_NONNULL = YES;
				CLANG_ANALYZER_NUMBER_OBJECT_CONVERSION = YES_AGGRESSIVE;
				CLANG_CXX_LANGUAGE_STANDARD = "gnu++14";
				CLANG_CXX_LIBRARY = "libc++";
				CLANG_ENABLE_MODULES = YES;
				CLANG_ENABLE_OBJC_ARC = YES;
				CLANG_WARN_BLOCK_CAPTURE_AUTORELEASING = YES;
				CLANG_WARN_BOOL_CONVERSION = YES;
				CLANG_WARN_COMMA = YES;
				CLANG_WARN_CONSTANT_CONVERSION = YES;
				CLANG_WARN_DIRECT_OBJC_ISA_USAGE = YES_ERROR;
				CLANG_WARN_DOCUMENTATION_COMMENTS = YES;
				CLANG_WARN_EMPTY_BODY = YES;
				CLANG_WARN_ENUM_CONVERSION = YES;
				CLANG_WARN_INFINITE_RECURSION = YES;
				CLANG_WARN_INT_CONVERSION = YES;
				CLANG_WARN_NON_LITERAL_NULL_CONVERSION = YES;
				CLANG_WARN_OBJC_LITERAL_CONVERSION = YES;
				CLANG_WARN_OBJC_ROOT_CLASS = YES_ERROR;
				CLANG_WARN_RANGE_LOOP_ANALYSIS = YES;
				CLANG_WARN_STRICT_PROTOTYPES = YES;
				CLANG_WARN_SUSPICIOUS_MOVE = YES;
				CLANG_WARN_UNGUARDED_AVAILABILITY = YES_AGGRESSIVE;
				CLANG_WARN_UNREACHABLE_CODE = YES;
				CLANG_WARN__DUPLICATE_METHOD_MATCH = YES;
				CODE_SIGN_IDENTITY = "iPhone Developer";
				COPY_PHASE_STRIP = NO;
				DEBUG_INFORMATION_FORMAT = dwarf;
				ENABLE_STRICT_OBJC_MSGSEND = YES;
				ENABLE_TESTABILITY = YES;
				GCC_C_LANGUAGE_STANDARD = gnu11;
				GCC_DYNAMIC_NO_PIC = NO;
				GCC_NO_COMMON_BLOCKS = YES;
				GCC_OPTIMIZATION_LEVEL = 0;
				GCC_PREPROCESSOR_DEFINITIONS = (
					"DEBUG=1",
					"$(inherited)",
				);
				GCC_WARN_64_TO_32_BIT_CONVERSION = YES;
				GCC_WARN_ABOUT_RETURN_TYPE = YES_ERROR;
				GCC_WARN_UNDECLARED_SELECTOR = YES;
				GCC_WARN_UNINITIALIZED_AUTOS = YES_AGGRESSIVE;
				GCC_WARN_UNUSED_FUNCTION = YES;
				GCC_WARN_UNUSED_VARIABLE = YES;
				IPHONEOS_DEPLOYMENT_TARGET = 11.2;
				MTL_ENABLE_DEBUG_INFO = YES;
				ONLY_ACTIVE_ARCH = YES;
				SDKROOT = iphoneos;
				SWIFT_ACTIVE_COMPILATION_CONDITIONS = DEBUG;
				SWIFT_OPTIMIZATION_LEVEL = "-Onone";
			};
			name = Debug;
		};
		873474CB202E3A910058A42E /* Release */ = {
			isa = XCBuildConfiguration;
			buildSettings = {
				ALWAYS_SEARCH_USER_PATHS = NO;
				CLANG_ANALYZER_NONNULL = YES;
				CLANG_ANALYZER_NUMBER_OBJECT_CONVERSION = YES_AGGRESSIVE;
				CLANG_CXX_LANGUAGE_STANDARD = "gnu++14";
				CLANG_CXX_LIBRARY = "libc++";
				CLANG_ENABLE_MODULES = YES;
				CLANG_ENABLE_OBJC_ARC = YES;
				CLANG_WARN_BLOCK_CAPTURE_AUTORELEASING = YES;
				CLANG_WARN_BOOL_CONVERSION = YES;
				CLANG_WARN_COMMA = YES;
				CLANG_WARN_CONSTANT_CONVERSION = YES;
				CLANG_WARN_DIRECT_OBJC_ISA_USAGE = YES_ERROR;
				CLANG_WARN_DOCUMENTATION_COMMENTS = YES;
				CLANG_WARN_EMPTY_BODY = YES;
				CLANG_WARN_ENUM_CONVERSION = YES;
				CLANG_WARN_INFINITE_RECURSION = YES;
				CLANG_WARN_INT_CONVERSION = YES;
				CLANG_WARN_NON_LITERAL_NULL_CONVERSION = YES;
				CLANG_WARN_OBJC_LITERAL_CONVERSION = YES;
				CLANG_WARN_OBJC_ROOT_CLASS = YES_ERROR;
				CLANG_WARN_RANGE_LOOP_ANALYSIS = YES;
				CLANG_WARN_STRICT_PROTOTYPES = YES;
				CLANG_WARN_SUSPICIOUS_MOVE = YES;
				CLANG_WARN_UNGUARDED_AVAILABILITY = YES_AGGRESSIVE;
				CLANG_WARN_UNREACHABLE_CODE = YES;
				CLANG_WARN__DUPLICATE_METHOD_MATCH = YES;
				CODE_SIGN_IDENTITY = "iPhone Developer";
				COPY_PHASE_STRIP = NO;
				DEBUG_INFORMATION_FORMAT = "dwarf-with-dsym";
				ENABLE_NS_ASSERTIONS = NO;
				ENABLE_STRICT_OBJC_MSGSEND = YES;
				GCC_C_LANGUAGE_STANDARD = gnu11;
				GCC_NO_COMMON_BLOCKS = YES;
				GCC_WARN_64_TO_32_BIT_CONVERSION = YES;
				GCC_WARN_ABOUT_RETURN_TYPE = YES_ERROR;
				GCC_WARN_UNDECLARED_SELECTOR = YES;
				GCC_WARN_UNINITIALIZED_AUTOS = YES_AGGRESSIVE;
				GCC_WARN_UNUSED_FUNCTION = YES;
				GCC_WARN_UNUSED_VARIABLE = YES;
				IPHONEOS_DEPLOYMENT_TARGET = 11.2;
				MTL_ENABLE_DEBUG_INFO = NO;
				SDKROOT = iphoneos;
				SWIFT_OPTIMIZATION_LEVEL = "-Owholemodule";
				VALIDATE_PRODUCT = YES;
			};
			name = Release;
		};
		873474CD202E3A910058A42E /* Debug */ = {
			isa = XCBuildConfiguration;
			buildSettings = {
				ASSETCATALOG_COMPILER_APPICON_NAME = AppIcon;
				CODE_SIGN_STYLE = Automatic;
				INFOPLIST_FILE = SpaceShooter/Info.plist;
				LD_RUNPATH_SEARCH_PATHS = "$(inherited) @executable_path/Frameworks";
				PRODUCT_BUNDLE_IDENTIFIER = lyftgame.SpaceShooter;
				PRODUCT_NAME = "$(TARGET_NAME)";
				SWIFT_VERSION = 4.0;
				TARGETED_DEVICE_FAMILY = "1,2";
			};
			name = Debug;
		};
		873474CE202E3A910058A42E /* Release */ = {
			isa = XCBuildConfiguration;
			buildSettings = {
				ASSETCATALOG_COMPILER_APPICON_NAME = AppIcon;
				CODE_SIGN_STYLE = Automatic;
				INFOPLIST_FILE = SpaceShooter/Info.plist;
				LD_RUNPATH_SEARCH_PATHS = "$(inherited) @executable_path/Frameworks";
				PRODUCT_BUNDLE_IDENTIFIER = lyftgame.SpaceShooter;
				PRODUCT_NAME = "$(TARGET_NAME)";
				SWIFT_VERSION = 4.0;
				TARGETED_DEVICE_FAMILY = "1,2";
			};
			name = Release;
		};
		873474D0202E3A910058A42E /* Debug */ = {
			isa = XCBuildConfiguration;
			buildSettings = {
				ALWAYS_EMBED_SWIFT_STANDARD_LIBRARIES = YES;
				BUNDLE_LOADER = "$(TEST_HOST)";
				CODE_SIGN_STYLE = Automatic;
				INFOPLIST_FILE = SpaceShooterTests/Info.plist;
				LD_RUNPATH_SEARCH_PATHS = "$(inherited) @executable_path/Frameworks @loader_path/Frameworks";
				PRODUCT_BUNDLE_IDENTIFIER = lyftgame.SpaceShooterTests;
				PRODUCT_NAME = "$(TARGET_NAME)";
				SWIFT_VERSION = 4.0;
				TARGETED_DEVICE_FAMILY = "1,2";
				TEST_HOST = "$(BUILT_PRODUCTS_DIR)/SpaceShooter.app/SpaceShooter";
			};
			name = Debug;
		};
		873474D1202E3A910058A42E /* Release */ = {
			isa = XCBuildConfiguration;
			buildSettings = {
				ALWAYS_EMBED_SWIFT_STANDARD_LIBRARIES = YES;
				BUNDLE_LOADER = "$(TEST_HOST)";
				CODE_SIGN_STYLE = Automatic;
				INFOPLIST_FILE = SpaceShooterTests/Info.plist;
				LD_RUNPATH_SEARCH_PATHS = "$(inherited) @executable_path/Frameworks @loader_path/Frameworks";
				PRODUCT_BUNDLE_IDENTIFIER = lyftgame.SpaceShooterTests;
				PRODUCT_NAME = "$(TARGET_NAME)";
				SWIFT_VERSION = 4.0;
				TARGETED_DEVICE_FAMILY = "1,2";
				TEST_HOST = "$(BUILT_PRODUCTS_DIR)/SpaceShooter.app/SpaceShooter";
			};
			name = Release;
		};
		873474D3202E3A910058A42E /* Debug */ = {
			isa = XCBuildConfiguration;
			buildSettings = {
				ALWAYS_EMBED_SWIFT_STANDARD_LIBRARIES = YES;
				CODE_SIGN_STYLE = Automatic;
				INFOPLIST_FILE = SpaceShooterUITests/Info.plist;
				LD_RUNPATH_SEARCH_PATHS = "$(inherited) @executable_path/Frameworks @loader_path/Frameworks";
				PRODUCT_BUNDLE_IDENTIFIER = lyftgame.SpaceShooterUITests;
				PRODUCT_NAME = "$(TARGET_NAME)";
				SWIFT_VERSION = 4.0;
				TARGETED_DEVICE_FAMILY = "1,2";
				TEST_TARGET_NAME = SpaceShooter;
			};
			name = Debug;
		};
		873474D4202E3A910058A42E /* Release */ = {
			isa = XCBuildConfiguration;
			buildSettings = {
				ALWAYS_EMBED_SWIFT_STANDARD_LIBRARIES = YES;
				CODE_SIGN_STYLE = Automatic;
				INFOPLIST_FILE = SpaceShooterUITests/Info.plist;
				LD_RUNPATH_SEARCH_PATHS = "$(inherited) @executable_path/Frameworks @loader_path/Frameworks";
				PRODUCT_BUNDLE_IDENTIFIER = lyftgame.SpaceShooterUITests;
				PRODUCT_NAME = "$(TARGET_NAME)";
				SWIFT_VERSION = 4.0;
				TARGETED_DEVICE_FAMILY = "1,2";
				TEST_TARGET_NAME = SpaceShooter;
			};
			name = Release;
		};
/* End XCBuildConfiguration section */

/* Begin XCConfigurationList section */
		87347499202E3A900058A42E /* Build configuration list for PBXProject "SpaceShooter" */ = {
			isa = XCConfigurationList;
			buildConfigurations = (
				873474CA202E3A910058A42E /* Debug */,
				873474CB202E3A910058A42E /* Release */,
			);
			defaultConfigurationIsVisible = 0;
			defaultConfigurationName = Release;
		};
		873474CC202E3A910058A42E /* Build configuration list for PBXNativeTarget "SpaceShooter" */ = {
			isa = XCConfigurationList;
			buildConfigurations = (
				873474CD202E3A910058A42E /* Debug */,
				873474CE202E3A910058A42E /* Release */,
			);
			defaultConfigurationIsVisible = 0;
			defaultConfigurationName = Release;
		};
		873474CF202E3A910058A42E /* Build configuration list for PBXNativeTarget "SpaceShooterTests" */ = {
			isa = XCConfigurationList;
			buildConfigurations = (
				873474D0202E3A910058A42E /* Debug */,
				873474D1202E3A910058A42E /* Release */,
			);
			defaultConfigurationIsVisible = 0;
			defaultConfigurationName = Release;
		};
		873474D2202E3A910058A42E /* Build configuration list for PBXNativeTarget "SpaceShooterUITests" */ = {
			isa = XCConfigurationList;
			buildConfigurations = (
				873474D3202E3A910058A42E /* Debug */,
				873474D4202E3A910058A42E /* Release */,
			);
			defaultConfigurationIsVisible = 0;
			defaultConfigurationName = Release;
		};
/* End XCConfigurationList section */
	};
	rootObject = 87347496202E3A900058A42E /* Project object */;
}
